<?xml version="1.0" encoding="utf-8"?>
<Project ToolsVersion="4.0" xmlns="http://schemas.microsoft.com/developer/msbuild/2003">
  <ItemGroup>
    <Filter Include="Source Files">
      <UniqueIdentifier>{35b85e7e-f8e7-4469-bf68-f1cdae2fe398}</UniqueIdentifier>
      <Extensions>cpp;c;cxx;rc;def;r;odl;idl;hpj;bat;cc</Extensions>
    </Filter>
    <Filter Include="Source Files\common">
      <UniqueIdentifier>{7242de42-e6ed-47d3-b759-ff7b7eb3cde0}</UniqueIdentifier>
    </Filter>
    <Filter Include="Source Files\common\nanovg">
      <UniqueIdentifier>{906b2cdd-c080-468e-b1aa-75bd9cc2821f}</UniqueIdentifier>
    </Filter>
    <Filter Include="Source Files\includes">
      <UniqueIdentifier>{554ef4f2-5f8b-468e-aae4-c6f4cb83ee38}</UniqueIdentifier>
    </Filter>
    <Filter Include="Source Files\src">
      <UniqueIdentifier>{35ba0dd7-fa62-436a-8ff0-dbc17b969f22}</UniqueIdentifier>
    </Filter>
    <Filter Include="Source Files\tools">
      <UniqueIdentifier>{d2f8ca64-9de0-4f18-8cbc-83838b93b588}</UniqueIdentifier>
    </Filter>
  </ItemGroup>
  <ItemGroup>
    <ClCompile Include="..\..\lib\bgfx\common\bgfx_utils.cpp">
      <Filter>Source Files\common</Filter>
    </ClCompile>
    <ClCompile Include="..\..\lib\bgfx\common\bounds.cpp">
      <Filter>Source Files\common</Filter>
    </ClCompile>
    <ClCompile Include="..\..\lib\bgfx\common\camera.cpp">
      <Filter>Source Files\common</Filter>
    </ClCompile>
    <ClCompile Include="..\..\lib\bgfx\common\cube_atlas.cpp">
      <Filter>Source Files\common</Filter>
    </ClCompile>
    <ClCompile Include="..\..\lib\bgfx\common\nanovg\nanovg.cpp">
      <Filter>Source Files\common\nanovg</Filter>
    </ClCompile>
    <ClCompile Include="..\..\lib\bgfx\common\nanovg\nanovg_bgfx.cpp">
      <Filter>Source Files\common\nanovg</Filter>
    </ClCompile>
    <ClCompile Include="..\..\lib\bgfx\src\bgfx.cpp">
      <Filter>Source Files\src</Filter>
    </ClCompile>
    <ClCompile Include="..\..\lib\bgfx\src\glcontext_egl.cpp">
      <Filter>Source Files\src</Filter>
    </ClCompile>
    <ClCompile Include="..\..\lib\bgfx\src\glcontext_glx.cpp">
      <Filter>Source Files\src</Filter>
    </ClCompile>
    <ClCompile Include="..\..\lib\bgfx\src\glcontext_ppapi.cpp">
      <Filter>Source Files\src</Filter>
    </ClCompile>
    <ClCompile Include="..\..\lib\bgfx\src\glcontext_wgl.cpp">
      <Filter>Source Files\src</Filter>
    </ClCompile>
    <ClCompile Include="..\..\lib\bgfx\src\image.cpp">
      <Filter>Source Files\src</Filter>
    </ClCompile>
    <ClCompile Include="..\..\lib\bgfx\src\renderer_d3d11.cpp">
      <Filter>Source Files\src</Filter>
    </ClCompile>
    <ClCompile Include="..\..\lib\bgfx\src\renderer_d3d9.cpp">
      <Filter>Source Files\src</Filter>
    </ClCompile>
    <ClCompile Include="..\..\lib\bgfx\src\renderer_gl.cpp">
      <Filter>Source Files\src</Filter>
    </ClCompile>
    <ClCompile Include="..\..\lib\bgfx\src\renderer_null.cpp">
      <Filter>Source Files\src</Filter>
    </ClCompile>
    <ClCompile Include="..\..\lib\bgfx\src\vertexdecl.cpp">
      <Filter>Source Files\src</Filter>
    </ClCompile>
    <ClCompile Include="..\..\lib\bgfx\src\glcontext_eagl.mm" />
    <ClCompile Include="..\..\lib\bgfx\src\glcontext_nsgl.mm" />
    <ClCompile Include="..\..\lib\bgfx\tools\shaderc\shaderc.cpp">
      <Filter>Source Files\tools</Filter>
    </ClCompile>
    <ClCompile Include="..\..\lib\bgfx\src\renderer_d3d12.cpp">
      <Filter>Source Files\src</Filter>
    </ClCompile>
  </ItemGroup>
  <ItemGroup>
    <ClInclude Include="..\..\lib\bgfx\common\aviwriter.h">
      <Filter>Source Files\common</Filter>
    </ClInclude>
    <ClInclude Include="..\..\lib\bgfx\common\bgfx_utils.h">
      <Filter>Source Files\common</Filter>
    </ClInclude>
    <ClInclude Include="..\..\lib\bgfx\common\bounds.h">
      <Filter>Source Files\common</Filter>
    </ClInclude>
    <ClInclude Include="..\..\lib\bgfx\common\camera.h">
      <Filter>Source Files\common</Filter>
    </ClInclude>
    <ClInclude Include="..\..\lib\bgfx\common\common.h">
      <Filter>Source Files\common</Filter>
    </ClInclude>
    <ClInclude Include="..\..\lib\bgfx\common\cube_atlas.h">
      <Filter>Source Files\common</Filter>
    </ClInclude>
    <ClInclude Include="..\..\lib\bgfx\common\packrect.h">
      <Filter>Source Files\common</Filter>
    </ClInclude>
    <ClInclude Include="..\..\lib\bgfx\common\nanovg\fontstash.h">
      <Filter>Source Files\common\nanovg</Filter>
    </ClInclude>
    <ClInclude Include="..\..\lib\bgfx\common\nanovg\fs_nanovg_fill.bin.h">
      <Filter>Source Files\common\nanovg</Filter>
    </ClInclude>
    <ClInclude Include="..\..\lib\bgfx\common\nanovg\vs_nanovg_fill.bin.h">
      <Filter>Source Files\common\nanovg</Filter>
    </ClInclude>
    <ClInclude Include="..\..\lib\bgfx\src\bgfx_p.h">
      <Filter>Source Files\src</Filter>
    </ClInclude>
    <ClInclude Include="..\..\lib\bgfx\src\charset.h">
      <Filter>Source Files\src</Filter>
    </ClInclude>
    <ClInclude Include="..\..\lib\bgfx\src\config.h">
      <Filter>Source Files\src</Filter>
    </ClInclude>
    <ClInclude Include="..\..\lib\bgfx\src\fs_clear0.bin.h">
      <Filter>Source Files\src</Filter>
    </ClInclude>
    <ClInclude Include="..\..\lib\bgfx\src\fs_clear1.bin.h">
      <Filter>Source Files\src</Filter>
    </ClInclude>
    <ClInclude Include="..\..\lib\bgfx\src\fs_clear2.bin.h">
      <Filter>Source Files\src</Filter>
    </ClInclude>
    <ClInclude Include="..\..\lib\bgfx\src\fs_clear3.bin.h">
      <Filter>Source Files\src</Filter>
    </ClInclude>
    <ClInclude Include="..\..\lib\bgfx\src\fs_debugfont.bin.h">
      <Filter>Source Files\src</Filter>
    </ClInclude>
    <ClInclude Include="..\..\lib\bgfx\src\glcontext_eagl.h">
      <Filter>Source Files\src</Filter>
    </ClInclude>
    <ClInclude Include="..\..\lib\bgfx\src\glcontext_egl.h">
      <Filter>Source Files\src</Filter>
    </ClInclude>
    <ClInclude Include="..\..\lib\bgfx\src\glcontext_glx.h">
      <Filter>Source Files\src</Filter>
    </ClInclude>
    <ClInclude Include="..\..\lib\bgfx\src\glcontext_ios.h">
      <Filter>Source Files\src</Filter>
    </ClInclude>
    <ClInclude Include="..\..\lib\bgfx\src\glcontext_nsgl.h">
      <Filter>Source Files\src</Filter>
    </ClInclude>
    <ClInclude Include="..\..\lib\bgfx\src\glcontext_ppapi.h">
      <Filter>Source Files\src</Filter>
    </ClInclude>
    <ClInclude Include="..\..\lib\bgfx\src\glcontext_wgl.h">
      <Filter>Source Files\src</Filter>
    </ClInclude>
    <ClInclude Include="..\..\lib\bgfx\src\glimports.h">
      <Filter>Source Files\src</Filter>
    </ClInclude>
    <ClInclude Include="..\..\lib\bgfx\src\image.h">
      <Filter>Source Files\src</Filter>
    </ClInclude>
    <ClInclude Include="..\..\lib\bgfx\src\renderer_d3d.h">
      <Filter>Source Files\src</Filter>
    </ClInclude>
    <ClInclude Include="..\..\lib\bgfx\src\renderer_d3d11.h">
      <Filter>Source Files\src</Filter>
    </ClInclude>
    <ClInclude Include="..\..\lib\bgfx\src\renderer_d3d9.h">
      <Filter>Source Files\src</Filter>
    </ClInclude>
    <ClInclude Include="..\..\lib\bgfx\src\renderer_gl.h">
      <Filter>Source Files\src</Filter>
    </ClInclude>
    <ClInclude Include="..\..\lib\bgfx\src\vertexdecl.h">
      <Filter>Source Files\src</Filter>
    </ClInclude>
    <ClInclude Include="..\..\lib\bgfx\src\vs_clear.bin.h">
      <Filter>Source Files\src</Filter>
    </ClInclude>
    <ClInclude Include="..\..\lib\bgfx\src\vs_debugfont.bin.h">
      <Filter>Source Files\src</Filter>
    </ClInclude>
    <ClInclude Include="..\..\lib\bgfx\include\bgfx.c99.h">
      <Filter>Source Files\includes</Filter>
    </ClInclude>
    <ClInclude Include="..\..\lib\bgfx\include\bgfx.h">
      <Filter>Source Files\includes</Filter>
    </ClInclude>
    <ClInclude Include="..\..\lib\bgfx\include\bgfxdefines.h">
      <Filter>Source Files\includes</Filter>
    </ClInclude>
    <ClInclude Include="..\..\lib\bgfx\include\bgfxplatform.c99.h">
      <Filter>Source Files\includes</Filter>
    </ClInclude>
    <ClInclude Include="..\..\lib\bgfx\include\bgfxplatform.h">
      <Filter>Source Files\includes</Filter>
    </ClInclude>
    <ClInclude Include="..\..\lib\bgfx\include\nanovg.h">
      <Filter>Source Files\includes</Filter>
    </ClInclude>
  </ItemGroup>
</Project>